<?xml version="1.0" encoding="UTF-8" standalone="yes" ?>
<CodeBlocks_project_file>
	<FileVersion major="1" minor="6" />
	<Project>
		<Option title="text" />
		<Option pch_mode="2" />
		<Option compiler="gcc" />
		<Build>
			<Target title="Debug">
				<Option output="bin/Debug/text" prefix_auto="1" extension_auto="1" />
				<Option object_output="obj/Debug/" />
				<Option type="1" />
				<Option compiler="gcc" />
				<Compiler>
					<Add option="-g" />
				</Compiler>
			</Target>
			<Target title="Release">
				<Option output="bin/Release/text" prefix_auto="1" extension_auto="1" />
				<Option object_output="obj/Release/" />
				<Option type="1" />
				<Option compiler="gcc" />
				<Compiler>
					<Add option="-O2" />
				</Compiler>
				<Linker>
					<Add option="-s" />
				</Linker>
			</Target>
		</Build>
		<Compiler>
			<Add option="-Wall" />
		</Compiler>
		<Unit filename="42.c">
			<Option compilerVar="CC" />
		</Unit>
		<Unit filename="t1.c">
			<Option compilerVar="CC" />
		</Unit>
		<Unit filename="t10.c">
			<Option compilerVar="CC" />
		</Unit>
		<Unit filename="t11.c">
			<Option compilerVar="CC" />
		</Unit>
		<Unit filename="t12.c">
			<Option compilerVar="CC" />
		</Unit>
		<Unit filename="t2.c">
			<Option compilerVar="CC" />
		</Unit>
		<Unit filename="t23.c">
			<Option compilerVar="CC" />
		</Unit>
		<Unit filename="t26.c">
			<Option compilerVar="CC" />
		</Unit>
		<Unit filename="t27.c">
			<Option compilerVar="CC" />
		</Unit>
		<Unit filename="t28.c">
			<Option compilerVar="CC" />
		</Unit>
		<Unit filename="t29.c">
			<Option compilerVar="CC" />
		</Unit>
		<Unit filename="t3.c">
			<Option compilerVar="CC" />
		</Unit>
		<Unit filename="t30.c">
			<Option compilerVar="CC" />
		</Unit>
		<Unit filename="t32.c">
			<Option compilerVar="CC" />
		</Unit>
		<Unit filename="t33.c">
			<Option compilerVar="CC" />
		</Unit>
		<Unit filename="t34.c">
			<Option compilerVar="CC" />
		</Unit>
		<Unit filename="t35.c">
			<Option compilerVar="CC" />
		</Unit>
		<Unit filename="t36.c">
			<Option compilerVar="CC" />
		</Unit>
		<Unit filename="t37.c">
			<Option compilerVar="CC" />
		</Unit>
		<Unit filename="t38.c">
			<Option compilerVar="CC" />
		</Unit>
		<Unit filename="t4.c">
			<Option compilerVar="CC" />
		</Unit>
		<Unit filename="t44.c">
			<Option compilerVar="CC" />
		</Unit>
		<Unit filename="t45.c">
			<Option compilerVar="CC" />
		</Unit>
		<Unit filename="t46.c">
			<Option compilerVar="CC" />
		</Unit>
		<Unit filename="t48.c">
			<Option compilerVar="CC" />
		</Unit>
		<Unit filename="t49.c">
			<Option compilerVar="CC" />
		</Unit>
		<Unit filename="t5.c">
			<Option compilerVar="CC" />
		</Unit>
		<Unit filename="t50.c">
			<Option compilerVar="CC" />
		</Unit>
		<Unit filename="t53.c">
			<Option compilerVar="CC" />
		</Unit>
		<Unit filename="t54.c">
			<Option compilerVar="CC" />
		</Unit>
		<Unit filename="t55.c">
			<Option compilerVar="CC" />
		</Unit>
		<Unit filename="t6.c">
			<Option compilerVar="CC" />
		</Unit>
		<Unit filename="t7.c">
			<Option compilerVar="CC" />
		</Unit>
		<Unit filename="t8.c">
			<Option compilerVar="CC" />
		</Unit>
		<Unit filename="t9.c">
			<Option compilerVar="CC" />
		</Unit>
		<Extensions>
			<code_completion />
			<envvars />
			<debugger />
		</Extensions>
	</Project>
</CodeBlocks_project_file>
